// !$*UTF8*$!
{
	archiveVersion = 1;
	classes = {
	};
	objectVersion = 46;
	objects = {

		4F543909CA94E7C3FBA5E6A2 = {isa = PBXBuildFile; fileRef = 4FC32515BB0D8DFF61E4EBA0; };
		59DBC9AF8F2039CB705A3378 = {isa = PBXBuildFile; fileRef = C95BD1CE01372EFCB5CF8C84; };
		2DD16368CADE667E511BFDF5 = {isa = PBXBuildFile; fileRef = 20199BCEE53619FEB3515F8D; };
		990991080BAC9006979D6B4B = {isa = PBXBuildFile; fileRef = 76B8444FD59F3FBB3E3AF674; };
		0C5E7EA465104B781B874F11 = {isa = PBXBuildFile; fileRef = 6B6D5781518FA09D9CEB518F; };
		B0E1C9B3B2742C39F538D1A2 = {isa = PBXBuildFile; fileRef = 95DA8E851434D96808FDCB0D; };
		46C35E40D4EC72CDCAEFCC50 = {isa = PBXBuildFile; fileRef = F413CBDEA6C358E122AC0F41; };
		90284316765F590FEEDCAA10 = {isa = PBXBuildFile; fileRef = 05CBDB1EF111378A2660B12F; };
		FA33C361C754DE0709FF9F5E = {isa = PBXBuildFile; fileRef = 2247189214D83D8B284880A7; };
		CB95E342F86063279ABE13FF = {isa = PBXBuildFile; fileRef = 52025DDC0B84D34A28416F91; };
		FB77026F6999FE525632BA09 = {isa = PBXBuildFile; fileRef = EC4A3F7657592E22F15B6799; };
		4F9274A83D487A555B29EA74 = {isa = PBXBuildFile; fileRef = 69A9339034D2A928440DC30C; };
		631A1310952109FF8E4657A8 = {isa = PBXBuildFile; fileRef = 502593B898104018D13F5CFC; };
		4EE6468BB990064EB66E4C20 = {isa = PBXBuildFile; fileRef = 881093FAEAC3B0E7B200BAF6; };
		F3746A6689ECC799678C41D7 = {isa = PBXBuildFile; fileRef = BE5D7C50DF0E989E0FB42079; };
		D24873BD81C473E5749F422C = {isa = PBXBuildFile; fileRef = A0489E54EB7C78F7C9475566; };
		FCC80D1BEF63BEF779C2DDE0 = {isa = PBXBuildFile; fileRef = ED97FC083116828737587041; };
		AFB7019B628D01233EAE266A = {isa = PBXBuildFile; fileRef = FB5A10D3C36305C924A79512; };
		F75DBC87400F66A649E89439 = {isa = PBXBuildFile; fileRef = 6343A0D2AB4D01487A29ED1A; };
		8320C732E1B5F4489E2BB1B9 = {isa = PBXBuildFile; fileRef = 5E572CC3251B3BFB6A299B4F; };
		2371197D3FB6B576643DE8DE = {isa = PBXBuildFile; fileRef = 0BE5B79ED38946D8908DB448; };
		48EAB7620F2F14F1AF8331AC = {isa = PBXBuildFile; fileRef = 003EC45BF705454A12B3711D; };
		1871111AC7DE1F99B045BD85 = {isa = PBXBuildFile; fileRef = E13412985FE844385A8F3DEE; };
		3E058E45378088A890803912 = {isa = PBXBuildFile; fileRef = 2F21455D39CF6C2EA2D97562; };
		A00D3F313C02AD229402611E = {isa = PBXBuildFile; fileRef = B73380961F1C692C274B9F70; };
		AC96953CAB5696BA6D7D8E77 = {isa = PBXBuildFile; fileRef = 82DB8ED942FAE828F5AB02AC; };
		F365DB45313C9B0ABF4584E3 = {isa = PBXBuildFile; fileRef = 0ABA5FCE31F343AE3F349ABE; };
		4E500B08E67AF5839FCC62CA = {isa = PBXBuildFile; fileRef = A7C3BDDC1BE8259FB13CC509; };
		D345380036687393DC40A5F5 = {isa = PBXBuildFile; fileRef = C86C6E2683D7401B1CA8C79A; };
		05BCE60423A3B45B6F12E26A = {isa = PBXBuildFile; fileRef = 330A220D4DB885E715BFA568; };
		B59F20F7D215E5EECB84196C = {isa = PBXBuildFile; fileRef = 7F81F68A6B026845E3891361; };
		E9F52FCD9DBA72239F6BE0BB = {isa = PBXBuildFile; fileRef = 7E5D2D0A339E2B4A9753C9F1; };
		AD6CBC230105AB6863E6E1C5 = {isa = PBXBuildFile; fileRef = 96C6104A14D90DDA7077822E; };
		4291EA3E830B97819A6B1C4C = {isa = PBXBuildFile; fileRef = 09E6DD44D183B1216332D68D; };
		4E9164911FDF1B8594B739CF = {isa = PBXBuildFile; fileRef = 07EDB37E2D824E6FECA12209; };
		A97CB4C70C8426875F8DB788 = {isa = PBXBuildFile; fileRef = 5B409FAB584484A45BE47938; };
		C2BBBC0812F8A260298466AC = {isa = PBXBuildFile; fileRef = C5C85514AB61AD051097F727; };
		34F8A187BF244CCCBBBAE1B7 = {isa = PBXBuildFile; fileRef = C051539B459000D286587770; };
		765B275BD3DD4F38C43063AB = {isa = PBXBuildFile; fileRef = D8CCFFA4501C97E1A459B298; };
		3885D4F36BE97B37FB688016 = {isa = PBXBuildFile; fileRef = 78C9322F8C033274D7DDBA98; };
		35B9E4BD624B259B6C987108 = {isa = PBXBuildFile; fileRef = 89518F667466528C52ED8918; };
		BBFB473F092DA2BE3F0C27EF = {isa = PBXBuildFile; fileRef = CF5AE0DC95024B475D3D13C3; };
		191F3FD12769AEF04BFE1CD6 = {isa = PBXBuildFile; fileRef = 960CCC40E6E29BE729EE91A8; };
		5771C86A253BBCA84818D4D9 = {isa = PBXBuildFile; fileRef = 6916A80B89CA23B2B8B0507F; };
		2229101FECAF0CB9B2FAF985 = {isa = PBXBuildFile; fileRef = B80F72F848D7461F9C2AB283; };
		07AC114D0469DA29081D671C = {isa = PBXBuildFile; fileRef = C221867BF763E502336480B2; };
		11D888155593ABC71D98EDFB = {isa = PBXBuildFile; fileRef = 47782F82A63B6619C2BD9A3F; };
		9E1F59048CDC38D2E72A0652 = {isa = PBXBuildFile; fileRef = 1EDC6A40C9B3E37900BFCDD1; };
		8CB0E27DF7D14328CBD774E3 = {isa = PBXBuildFile; fileRef = 2F412BF843DFC2FF729DEF9B; };
		5CB94AB9EB32BBC43D608ECD = {isa = PBXBuildFile; fileRef = 34E69E19DB876C535635752B; };
		DA6E5C8214ACEF44A6073D56 = {isa = PBXBuildFile; fileRef = 5C2CFF74FC84C70C75A498A5; };
		BB4CE82FF115335A0F6DBDCB = {isa = PBXBuildFile; fileRef = E469ACFE508D8BDBF576ACA2; };
		2EF3B370E579FE5B5BEC62EA = {isa = PBXBuildFile; fileRef = FC298E96A030A74E3CAB6987; };
		7D1049762BF08049B1B36103 = {isa = PBXBuildFile; fileRef = 6C8607E21450D8A2E5D8E635; };
		914065E35BD62BB967D5C92D = {isa = PBXBuildFile; fileRef = 9BBB9E0FC52044AA3B6DE3E2; };
		FF4845911A0D64772548C004 = {isa = PBXBuildFile; fileRef = 36BF0E7A2C3A920AB4062F4A; };
		04D7DD6273E13D16A87C58E4 = {isa = PBXBuildFile; fileRef = 3F532EC3FC48D58CF905CDCD; };
		CD3190BBBDE3B8246C59C29C = {isa = PBXBuildFile; fileRef = 4A483A8C932094EE9AF4D5FF; };
		63CD664C61052DB4321E692F = {isa = PBXBuildFile; fileRef = 77D247E3004B3CDB91A19CA2; };
		D083DBC9791C674C694AB4D5 = {isa = PBXBuildFile; fileRef = FAD942F33BAB9F037F7F6359; };
		ED6FE8D14434BFF46262354B = {isa = PBXBuildFile; fileRef = 074BE16DC839788E06A1BEAC; };
		E11C603FFB3297CBC0FC306C = {isa = PBXBuildFile; fileRef = 66354022D91EAC4EE52DF473; };
		74E068C9748ABD357661B6DB = {isa = PBXBuildFile; fileRef = BEE09005375EBAA1C5A288B0; };
		8431C539E9BC05A550E3A2FB = {isa = PBXBuildFile; fileRef = 4E9110D83F7D1C30102E6E38; };
		8B8B2C07264C4A551F035731 = {isa = PBXBuildFile; fileRef = FD4881AE17402AAC8E22FF2B; };
		5C1A411174356C248F41B58C = {isa = PBXBuildFile; fileRef = 8BCC1E8DB76B198D5E02ECEC; };
		4E810B9D2DDAC8D3AA747300 = {isa = PBXBuildFile; fileRef = 6AF44AE331A8CE617EBB5FD2; };
		595E168D6AAC9910751997C6 = {isa = PBXBuildFile; fileRef = F6215EE46BED4E42BD420CBB; };
		28597087814C8FEC714942A5 = {isa = PBXBuildFile; fileRef = 92D1E284D005C19C641BC38C; };
		32F1D1E6C7C2E7A33474E47F = {isa = PBXBuildFile; fileRef = A6A27D407454442B60BC51A1; };
		C7E44C604480B7AC587127B2 = {isa = PBXBuildFile; fileRef = DD75A000ABE5836C6FDA9E36; };
		CC7A6B198D6172EACB16A8F0 = {isa = PBXBuildFile; fileRef = 04FEF7EEE4D3F74D6689E418; };
		B9DB3905A46948B266E2D8A4 = {isa = PBXBuildFile; fileRef = 3FF7F47CF752F26665DE2E49; };
		17FE6B2E1676607712595DE6 = {isa = PBXBuildFile; fileRef = 22E15EA217F00B506968832A; };
		1878EC7CD94079851149D5C3 = {isa = PBXBuildFile; fileRef = 1E80C1FF86868BCFB06B3B9D; };
		003EC45BF705454A12B3711D = {isa = PBXFileReference; lastKnownFileType = sourcecode.cpp.cpp; name = CACFNumber.cpp; path = ../../../../../../../../../Applications/Xcode.app/Contents/Developer/Extras/CoreAudio/PublicUtility/CACFNumber.cpp; sourceTree = "SOURCE_ROOT"; };
		01B77B2EA60943051C951285 = {isa = PBXFileReference; lastKnownFileType = sourcecode.c.h; name = AUBase.h; path = ../../../../../../../../../Applications/Xcode.app/Contents/Developer/Extras/CoreAudio/AudioUnits/AUPublic/AUBase/AUBase.h; sourceTree = "SOURCE_ROOT"; };
		03EB408E1F89E4416535D2E4 = {isa = PBXFileReference; lastKnownFileType = sourcecode.c.h; name = CABundleLocker.h; path = ../../../../../../../../../Applications/Xcode.app/Contents/Developer/Extras/CoreAudio/PublicUtility/CABundleLocker.h; sourceTree = "SOURCE_ROOT"; };
		04FEF7EEE4D3F74D6689E418 = {isa = PBXFileReference; lastKnownFileType = sourcecode.cpp.cpp; name = MusicDeviceBase.cpp; path = ../../../../../../../../../Applications/Xcode.app/Contents/Developer/Extras/CoreAudio/AudioUnits/AUPublic/OtherBases/MusicDeviceBase.cpp; sourceTree = "SOURCE_ROOT"; };
		05CBDB1EF111378A2660B12F = {isa = PBXFileReference; lastKnownFileType = sourcecode.cpp.cpp; name = CAAudioTimeStamp.cpp; path = ../../../../../../../../../Applications/Xcode.app/Contents/Developer/Extras/CoreAudio/PublicUtility/CAAudioTimeStamp.cpp; sourceTree = "SOURCE_ROOT"; };
		074BE16DC839788E06A1BEAC = {isa = PBXFileReference; lastKnownFileType = sourcecode.cpp.cpp; name = AUControlGroup.cpp; path = ../../../../../../../../../Applications/Xcode.app/Contents/Developer/Extras/CoreAudio/AudioUnits/AUPublic/AUCarbonViewBase/AUControlGroup.cpp; sourceTree = "SOURCE_ROOT"; };
		07EDB37E2D824E6FECA12209 = {isa = PBXFileReference; lastKnownFileType = sourcecode.cpp.cpp; name = CAHALAudioSystemObject.cpp; path = ../../../../../../../../../Applications/Xcode.app/Contents/Developer/Extras/CoreAudio/PublicUtility/CAHALAudioSystemObject.cpp; sourceTree = "SOURCE_ROOT"; };
		08F85FE930258A436C1BF4A9 = {isa = PBXFileReference; lastKnownFileType = sourcecode.c.h; name = CAVectorUnitTypes.h; path = ../../../../../../../../../Applications/Xcode.app/Contents/Developer/Extras/CoreAudio/PublicUtility/CAVectorUnitTypes.h; sourceTree = "SOURCE_ROOT"; };
		09E464ECCFD4314B592E0BCF = {isa = PBXFileReference; lastKnownFileType = sourcecode.c.h; name = SynthEvent.h; path = ../../../../../../../../../Applications/Xcode.app/Contents/Developer/Extras/CoreAudio/AudioUnits/AUPublic/AUInstrumentBase/SynthEvent.h; sourceTree = "SOURCE_ROOT"; };
		09E6DD44D183B1216332D68D = {isa = PBXFileReference; lastKnownFileType = sourcecode.cpp.cpp; name = CAHALAudioStream.cpp; path = ../../../../../../../../../Applications/Xcode.app/Contents/Developer/Extras/CoreAudio/PublicUtility/CAHALAudioStream.cpp; sourceTree = "SOURCE_ROOT"; };
		0ABA5FCE31F343AE3F349ABE = {isa = PBXFileReference; lastKnownFileType = sourcecode.cpp.cpp; name = CADebugger.cpp; path = ../../../../../../../../../Applications/Xcode.app/Contents/Developer/Extras/CoreAudio/PublicUtility/CADebugger.cpp; sourceTree = "SOURCE_ROOT"; };
		0B0CA62661D4DF9E78FFD802 = {isa = PBXFileReference; lastKnownFileType = sourcecode.c.h; name = CABool.h; path = ../../../../../../../../../Applications/Xcode.app/Contents/Developer/Extras/CoreAudio/PublicUtility/CABool.h; sourceTree = "SOURCE_ROOT"; };
		0BE5B79ED38946D8908DB448 = {isa = PBXFileReference; lastKnownFileType = sourcecode.cpp.cpp; name = CACFMessagePort.cpp; path = ../../../../../../../../../Applications/Xcode.app/Contents/Developer/Extras/CoreAudio/PublicUtility/CACFMessagePort.cpp; sourceTree = "SOURCE_ROOT"; };
		1707AE32860193552A112D50 = {isa = PBXFileReference; lastKnownFileType = sourcecode.c.h; name = AppConfig.h; path = ../../JuceLibraryCode/AppConfig.h; sourceTree = "SOURCE_ROOT"; };
		1C8E1E123817CEE9DC1764F3 = {isa = PBXFileReference; lastKnownFileType = sourcecode.c.h; name = CACFString.h; path = ../../../../../../../../../Applications/Xcode.app/Contents/Developer/Extras/CoreAudio/PublicUtility/CACFString.h; sourceTree = "SOURCE_ROOT"; };
		1E80C1FF86868BCFB06B3B9D = {isa = PBXFileReference; lastKnownFileType = sourcecode.cpp.cpp; name = AUTimestampGenerator.cpp; path = ../../../../../../../../../Applications/Xcode.app/Contents/Developer/Extras/CoreAudio/AudioUnits/AUPublic/Utility/AUTimestampGenerator.cpp; sourceTree = "SOURCE_ROOT"; };
		1EDC6A40C9B3E37900BFCDD1 = {isa = PBXFileReference; lastKnownFileType = sourcecode.cpp.cpp; name = CAVolumeCurve.cpp; path = ../../../../../../../../../Applications/Xcode.app/Contents/Developer/Extras/CoreAudio/PublicUtility/CAVolumeCurve.cpp; sourceTree = "SOURCE_ROOT"; };
		20199BCEE53619FEB3515F8D = {isa = PBXFileReference; lastKnownFileType = sourcecode.cpp.cpp; name = AUParamInfo.cpp; path = ../../../../../../../../../Applications/Xcode.app/Contents/Developer/Extras/CoreAudio/PublicUtility/AUParamInfo.cpp; sourceTree = "SOURCE_ROOT"; };
		2247189214D83D8B284880A7 = {isa = PBXFileReference; lastKnownFileType = sourcecode.cpp.cpp; name = CAAudioUnit.cpp; path = ../../../../../../../../../Applications/Xcode.app/Contents/Developer/Extras/CoreAudio/PublicUtility/CAAudioUnit.cpp; sourceTree = "SOURCE_ROOT"; };
		22E15EA217F00B506968832A = {isa = PBXFileReference; lastKnownFileType = sourcecode.cpp.cpp; name = AUBuffer.cpp; path = ../../../../../../../../../Applications/Xcode.app/Contents/Developer/Extras/CoreAudio/AudioUnits/AUPublic/Utility/AUBuffer.cpp; sourceTree = "SOURCE_ROOT"; };
		237A9DFDE0D9FFE01EBF0D98 = {isa = PBXFileReference; lastKnownFileType = sourcecode.c.h; name = CAAudioBufferList.h; path = ../../../../../../../../../Applications/Xcode.app/Contents/Developer/Extras/CoreAudio/PublicUtility/CAAudioBufferList.h; sourceTree = "SOURCE_ROOT"; };
		24551633613DCD50A7F37EEB = {isa = PBXFileReference; lastKnownFileType = sourcecode.c.h; name = CAAutoDisposer.h; path = ../../../../../../../../../Applications/Xcode.app/Contents/Developer/Extras/CoreAudio/PublicUtility/CAAutoDisposer.h; sourceTree = "SOURCE_ROOT"; };
		24921367164CFB14B81898D9 = {isa = PBXFileReference; lastKnownFileType = sourcecode.c.h; name = CAAudioUnitOutputCapturer.h; path = ../../../../../../../../../Applications/Xcode.app/Contents/Developer/Extras/CoreAudio/PublicUtility/CAAudioUnitOutputCapturer.h; sourceTree = "SOURCE_ROOT"; };
		24CA32A15796914DB4EE2F26 = {isa = PBXFileReference; lastKnownFileType = sourcecode.c.h; name = CAAUMIDIMap.h; path = ../../../../../../../../../Applications/Xcode.app/Contents/Developer/Extras/CoreAudio/PublicUtility/CAAUMIDIMap.h; sourceTree = "SOURCE_ROOT"; };
		2ADC5321705F1B27F9C7F136 = {isa = PBXFileReference; lastKnownFileType = sourcecode.c.h; name = AUDispatch.h; path = ../../../../../../../../../Applications/Xcode.app/Contents/Developer/Extras/CoreAudio/AudioUnits/AUPublic/AUBase/AUDispatch.h; sourceTree = "SOURCE_ROOT"; };
		2BAEAE9FC98D9B89C34E8492 = {isa = PBXFileReference; lastKnownFileType = sourcecode.c.h; name = CAAudioTimeStamp.h; path = ../../../../../../../../../Applications/Xcode.app/Contents/Developer/Extras/CoreAudio/PublicUtility/CAAudioTimeStamp.h; sourceTree = "SOURCE_ROOT"; };
		2C419AF91D48A6C0E01F9F32 = {isa = PBXFileReference; lastKnownFileType = sourcecode.c.h; name = CAException.h; path = ../../../../../../../../../Applications/Xcode.app/Contents/Developer/Extras/CoreAudio/PublicUtility/CAException.h; sourceTree = "SOURCE_ROOT"; };
		2E0195AB6EE9A2D64A1A4C57 = {isa = PBXFileReference; lastKnownFileType = sourcecode.c.h; name = AUParamInfo.h; path = ../../../../../../../../../Applications/Xcode.app/Contents/Developer/Extras/CoreAudio/PublicUtility/AUParamInfo.h; sourceTree = "SOURCE_ROOT"; };
		2F21455D39CF6C2EA2D97562 = {isa = PBXFileReference; lastKnownFileType = sourcecode.cpp.cpp; name = CACFString.cpp; path = ../../../../../../../../../Applications/Xcode.app/Contents/Developer/Extras/CoreAudio/PublicUtility/CACFString.cpp; sourceTree = "SOURCE_ROOT"; };
		2F412BF843DFC2FF729DEF9B = {isa = PBXFileReference; lastKnownFileType = sourcecode.cpp.cpp; name = CAXException.cpp; path = ../../../../../../../../../Applications/Xcode.app/Contents/Developer/Extras/CoreAudio/PublicUtility/CAXException.cpp; sourceTree = "SOURCE_ROOT"; };
		30F0D5383D4D5C72D4E72AA9 = {isa = PBXFileReference; lastKnownFileType = sourcecode.c.h; name = LockFreeFIFO.h; path = ../../../../../../../../../Applications/Xcode.app/Contents/Developer/Extras/CoreAudio/AudioUnits/AUPublic/AUInstrumentBase/LockFreeFIFO.h; sourceTree = "SOURCE_ROOT"; };
		330A220D4DB885E715BFA568 = {isa = PBXFileReference; lastKnownFileType = sourcecode.cpp.cpp; name = CAFilePathUtils.cpp; path = ../../../../../../../../../Applications/Xcode.app/Contents/Developer/Extras/CoreAudio/PublicUtility/CAFilePathUtils.cpp; sourceTree = "SOURCE_ROOT"; };
		34E69E19DB876C535635752B = {isa = PBXFileReference; lastKnownFileType = sourcecode.cpp.cpp; name = MatrixMixerVolumes.cpp; path = ../../../../../../../../../Applications/Xcode.app/Contents/Developer/Extras/CoreAudio/PublicUtility/MatrixMixerVolumes.cpp; sourceTree = "SOURCE_ROOT"; };
		35B4A6F23055ABEC3FEB1B1D = {isa = PBXFileReference; lastKnownFileType = sourcecode.c.h; name = CAHALAudioObject.h; path = ../../../../../../../../../Applications/Xcode.app/Contents/Developer/Extras/CoreAudio/PublicUtility/CAHALAudioObject.h; sourceTree = "SOURCE_ROOT"; };
		36BF0E7A2C3A920AB4062F4A = {isa = PBXFileReference; lastKnownFileType = sourcecode.cpp.cpp; name = AUScopeElement.cpp; path = ../../../../../../../../../Applications/Xcode.app/Contents/Developer/Extras/CoreAudio/AudioUnits/AUPublic/AUBase/AUScopeElement.cpp; sourceTree = "SOURCE_ROOT"; };
		3B5DCCBA1175FAF27BD1E725 = {isa = PBXFileReference; lastKnownFileType = sourcecode.c.h; name = MIDIControlHandler.h; path = ../../../../../../../../../Applications/Xcode.app/Contents/Developer/Extras/CoreAudio/AudioUnits/AUPublic/AUInstrumentBase/MIDIControlHandler.h; sourceTree = "SOURCE_ROOT"; };
		3D64AA3AD9AAE6074C39D534 = {isa = PBXFileReference; lastKnownFileType = sourcecode.c.h; name = CAAUMIDIMapManager.h; path = ../../../../../../../../../Applications/Xcode.app/Contents/Developer/Extras/CoreAudio/PublicUtility/CAAUMIDIMapManager.h; sourceTree = "SOURCE_ROOT"; };
		3F532EC3FC48D58CF905CDCD = {isa = PBXFileReference; lastKnownFileType = sourcecode.cpp.cpp; name = ComponentBase.cpp; path = ../../../../../../../../../Applications/Xcode.app/Contents/Developer/Extras/CoreAudio/AudioUnits/AUPublic/AUBase/ComponentBase.cpp; sourceTree = "SOURCE_ROOT"; };
		3FF7F47CF752F26665DE2E49 = {isa = PBXFileReference; lastKnownFileType = sourcecode.cpp.cpp; name = AUBaseHelper.cpp; path = ../../../../../../../../../Applications/Xcode.app/Contents/Developer/Extras/CoreAudio/AudioUnits/AUPublic/Utility/AUBaseHelper.cpp; sourceTree = "SOURCE_ROOT"; };
		47782F82A63B6619C2BD9A3F = {isa = PBXFileReference; lastKnownFileType = sourcecode.cpp.cpp; name = CAVectorUnit.cpp; path = ../../../../../../../../../Applications/Xcode.app/Contents/Developer/Extras/CoreAudio/PublicUtility/CAVectorUnit.cpp; sourceTree = "SOURCE_ROOT"; };
		483CA2C34602D50E7868DE71 = {isa = PBXFileReference; lastKnownFileType = sourcecode.c.h; name = AUViewLocalizedStringKeys.h; path = ../../../../../../../../../Applications/Xcode.app/Contents/Developer/Extras/CoreAudio/AudioUnits/AUPublic/AUViewBase/AUViewLocalizedStringKeys.h; sourceTree = "SOURCE_ROOT"; };
		4863F18962F77AA47C86623E = {isa = PBXFileReference; lastKnownFileType = sourcecode.c.h; name = AUPannerBase.h; path = ../../../../../../../../../Applications/Xcode.app/Contents/Developer/Extras/CoreAudio/AudioUnits/AUPublic/OtherBases/AUPannerBase.h; sourceTree = "SOURCE_ROOT"; };
		4A483A8C932094EE9AF4D5FF = {isa = PBXFileReference; lastKnownFileType = sourcecode.cpp.cpp; name = AUCarbonViewBase.cpp; path = ../../../../../../../../../Applications/Xcode.app/Contents/Developer/Extras/CoreAudio/AudioUnits/AUPublic/AUCarbonViewBase/AUCarbonViewBase.cpp; sourceTree = "SOURCE_ROOT"; };
		4BD83801E53262EB676A721A = {isa = PBXFileReference; lastKnownFileType = sourcecode.c.h; name = CACFObject.h; path = ../../../../../../../../../Applications/Xcode.app/Contents/Developer/Extras/CoreAudio/PublicUtility/CACFObject.h; sourceTree = "SOURCE_ROOT"; };
		4E03A725C9DC04DFFD114AD8 = {isa = PBXFileReference; lastKnownFileType = sourcecode.c.h; name = CASharedLibrary.h; path = ../../../../../../../../../Applications/Xcode.app/Contents/Developer/Extras/CoreAudio/PublicUtility/CASharedLibrary.h; sourceTree = "SOURCE_ROOT"; };
		4E9110D83F7D1C30102E6E38 = {isa = PBXFileReference; lastKnownFileType = sourcecode.cpp.cpp; name = SynthElement.cpp; path = ../../../../../../../../../Applications/Xcode.app/Contents/Developer/Extras/CoreAudio/AudioUnits/AUPublic/AUInstrumentBase/SynthElement.cpp; sourceTree = "SOURCE_ROOT"; };
		4EC578D4E71AE7E68C977E18 = {isa = PBXFileReference; lastKnownFileType = sourcecode.c.h; name = JuceHeader.h; path = ../../JuceLibraryCode/JuceHeader.h; sourceTree = "SOURCE_ROOT"; };
		4F18AC8E4C88A87BC1DB5E41 = {isa = PBXFileReference; lastKnownFileType = sourcecode.c.h; name = CAComponent.h; path = ../../../../../../../../../Applications/Xcode.app/Contents/Developer/Extras/CoreAudio/PublicUtility/CAComponent.h; sourceTree = "SOURCE_ROOT"; };
		4FC32515BB0D8DFF61E4EBA0 = {isa = PBXFileReference; lastKnownFileType = file.nib; name = RecentFilesMenuTemplate.nib; path = RecentFilesMenuTemplate.nib; sourceTree = "SOURCE_ROOT"; };
		502593B898104018D13F5CFC = {isa = PBXFileReference; lastKnownFileType = sourcecode.cpp.cpp; name = CAAUParameter.cpp; path = ../../../../../../../../../Applications/Xcode.app/Contents/Developer/Extras/CoreAudio/PublicUtility/CAAUParameter.cpp; sourceTree = "SOURCE_ROOT"; };
		52025DDC0B84D34A28416F91 = {isa = PBXFileReference; lastKnownFileType = sourcecode.cpp.cpp; name = CAAudioValueRange.cpp; path = ../../../../../../../../../Applications/Xcode.app/Contents/Developer/Extras/CoreAudio/PublicUtility/CAAudioValueRange.cpp; sourceTree = "SOURCE_ROOT"; };
		54BCBCFD1A6C10EDB15F1DD5 = {isa = PBXFileReference; lastKnownFileType = sourcecode.c.h; name = SynthNoteList.h; path = ../../../../../../../../../Applications/Xcode.app/Contents/Developer/Extras/CoreAudio/AudioUnits/AUPublic/AUInstrumentBase/SynthNoteList.h; sourceTree = "SOURCE_ROOT"; };
		54EF5745237C19AE869E5E9A = {isa = PBXFileReference; lastKnownFileType = sourcecode.c.h; name = AUControlGroup.h; path = ../../../../../../../../../Applications/Xcode.app/Contents/Developer/Extras/CoreAudio/AudioUnits/AUPublic/AUCarbonViewBase/AUControlGroup.h; sourceTree = "SOURCE_ROOT"; };
		55520703A5E5A5496857A8E6 = {isa = PBXFileReference; lastKnownFileType = sourcecode.c.h; name = CACFPreferences.h; path = ../../../../../../../../../Applications/Xcode.app/Contents/Developer/Extras/CoreAudio/PublicUtility/CACFPreferences.h; sourceTree = "SOURCE_ROOT"; };
		55AE98C53DD0870E5DE6FD9A = {isa = PBXFileReference; lastKnownFileType = sourcecode.c.h; name = CAMixMap.h; path = ../../../../../../../../../Applications/Xcode.app/Contents/Developer/Extras/CoreAudio/PublicUtility/CAMixMap.h; sourceTree = "SOURCE_ROOT"; };
		55E79936BCA6FAE10C019DFE = {isa = PBXFileReference; lastKnownFileType = sourcecode.c.h; name = CACFNumber.h; path = ../../../../../../../../../Applications/Xcode.app/Contents/Developer/Extras/CoreAudio/PublicUtility/CACFNumber.h; sourceTree = "SOURCE_ROOT"; };
		56657493BCC556817217852D = {isa = PBXFileReference; lastKnownFileType = sourcecode.c.h; name = CACFArray.h; path = ../../../../../../../../../Applications/Xcode.app/Contents/Developer/Extras/CoreAudio/PublicUtility/CACFArray.h; sourceTree = "SOURCE_ROOT"; };
		573203CAE48A4E5E31FEC362 = {isa = PBXFileReference; lastKnownFileType = sourcecode.c.h; name = AUMIDIDefs.h; path = ../../../../../../../../../Applications/Xcode.app/Contents/Developer/Extras/CoreAudio/AudioUnits/AUPublic/Utility/AUMIDIDefs.h; sourceTree = "SOURCE_ROOT"; };
		57CFAF8BA8A215B2F0E3B33F = {isa = PBXFileReference; lastKnownFileType = sourcecode.c.h; name = AUCarbonViewBase.h; path = ../../../../../../../../../Applications/Xcode.app/Contents/Developer/Extras/CoreAudio/AudioUnits/AUPublic/AUCarbonViewBase/AUCarbonViewBase.h; sourceTree = "SOURCE_ROOT"; };
		5830D40FA8A82B4D2320D9EF = {isa = PBXFileReference; lastKnownFileType = sourcecode.c.h; name = CAAudioFileFormats.h; path = ../../../../../../../../../Applications/Xcode.app/Contents/Developer/Extras/CoreAudio/PublicUtility/CAAudioFileFormats.h; sourceTree = "SOURCE_ROOT"; };
		5864547CA538DB5932AA9BD6 = {isa = PBXFileReference; lastKnownFileType = sourcecode.c.h; name = CAHALAudioSystemObject.h; path = ../../../../../../../../../Applications/Xcode.app/Contents/Developer/Extras/CoreAudio/PublicUtility/CAHALAudioSystemObject.h; sourceTree = "SOURCE_ROOT"; };
		58C6CA7848BFEE807735CC09 = {isa = PBXFileReference; lastKnownFileType = sourcecode.c.h; name = CAAUProcessor.h; path = ../../../../../../../../../Applications/Xcode.app/Contents/Developer/Extras/CoreAudio/PublicUtility/CAAUProcessor.h; sourceTree = "SOURCE_ROOT"; };
		5B409FAB584484A45BE47938 = {isa = PBXFileReference; lastKnownFileType = sourcecode.cpp.cpp; name = CAHostTimeBase.cpp; path = ../../../../../../../../../Applications/Xcode.app/Contents/Developer/Extras/CoreAudio/PublicUtility/CAHostTimeBase.cpp; sourceTree = "SOURCE_ROOT"; };
		5C2CFF74FC84C70C75A498A5 = {isa = PBXFileReference; lastKnownFileType = sourcecode.cpp.cpp; name = AUBase.cpp; path = ../../../../../../../../../Applications/Xcode.app/Contents/Developer/Extras/CoreAudio/AudioUnits/AUPublic/AUBase/AUBase.cpp; sourceTree = "SOURCE_ROOT"; };
		5C7493A413FEA10DD2D1B3E4 = {isa = PBXFileReference; lastKnownFileType = sourcecode.c.h; name = CAReferenceCounted.h; path = ../../../../../../../../../Applications/Xcode.app/Contents/Developer/Extras/CoreAudio/PublicUtility/CAReferenceCounted.h; sourceTree = "SOURCE_ROOT"; };
		5E572CC3251B3BFB6A299B4F = {isa = PBXFileReference; lastKnownFileType = sourcecode.cpp.cpp; name = CACFMachPort.cpp; path = ../../../../../../../../../Applications/Xcode.app/Contents/Developer/Extras/CoreAudio/PublicUtility/CACFMachPort.cpp; sourceTree = "SOURCE_ROOT"; };
		5FA544285FC859F9AB744B76 = {isa = PBXFileReference; lastKnownFileType = sourcecode.c.h; name = AUInputElement.h; path = ../../../../../../../../../Applications/Xcode.app/Contents/Developer/Extras/CoreAudio/AudioUnits/AUPublic/AUBase/AUInputElement.h; sourceTree = "SOURCE_ROOT"; };
		605BAC55B4164CEE48D845FD = {isa = PBXFileReference; lastKnownFileType = sourcecode.c.h; name = AUTimestampGenerator.h; path = ../../../../../../../../../Applications/Xcode.app/Contents/Developer/Extras/CoreAudio/AudioUnits/AUPublic/Utility/AUTimestampGenerator.h; sourceTree = "SOURCE_ROOT"; };
		623BF80BCD26A2A93F44683E = {isa = PBXFileReference; lastKnownFileType = sourcecode.c.h; name = CAHALAudioDevice.h; path = ../../../../../../../../../Applications/Xcode.app/Contents/Developer/Extras/CoreAudio/PublicUtility/CAHALAudioDevice.h; sourceTree = "SOURCE_ROOT"; };
		624B367A97A46D72CF86BB15 = {isa = PBXFileReference; lastKnownFileType = sourcecode.c.h; name = CACFPlugIn.h; path = ../../../../../../../../../Applications/Xcode.app/Contents/Developer/Extras/CoreAudio/PublicUtility/CACFPlugIn.h; sourceTree = "SOURCE_ROOT"; };
		6343A0D2AB4D01487A29ED1A = {isa = PBXFileReference; lastKnownFileType = sourcecode.cpp.cpp; name = CACFDistributedNotification.cpp; path = ../../../../../../../../../Applications/Xcode.app/Contents/Developer/Extras/CoreAudio/PublicUtility/CACFDistributedNotification.cpp; sourceTree = "SOURCE_ROOT"; };
		634790BE076F7D4EF75A48FB = {isa = PBXFileReference; lastKnownFileType = sourcecode.c.h; name = CAMutex.h; path = ../../../../../../../../../Applications/Xcode.app/Contents/Developer/Extras/CoreAudio/PublicUtility/CAMutex.h; sourceTree = "SOURCE_ROOT"; };
		634EF1954361E4731DB73ADF = {isa = PBXFileReference; lastKnownFileType = sourcecode.c.h; name = CAHALAudioStream.h; path = ../../../../../../../../../Applications/Xcode.app/Contents/Developer/Extras/CoreAudio/PublicUtility/CAHALAudioStream.h; sourceTree = "SOURCE_ROOT"; };
		65C0645B08F5DEBCCD2A8798 = {isa = PBXFileReference; lastKnownFileType = sourcecode.c.h; name = CAVectorUnit.h; path = ../../../../../../../../../Applications/Xcode.app/Contents/Developer/Extras/CoreAudio/PublicUtility/CAVectorUnit.h; sourceTree = "SOURCE_ROOT"; };
		66354022D91EAC4EE52DF473 = {isa = PBXFileReference; lastKnownFileType = sourcecode.cpp.cpp; name = CarbonEventHandler.cpp; path = ../../../../../../../../../Applications/Xcode.app/Contents/Developer/Extras/CoreAudio/AudioUnits/AUPublic/AUCarbonViewBase/CarbonEventHandler.cpp; sourceTree = "SOURCE_ROOT"; };
		690E62A3F007FAA6C0CEE7C3 = {isa = PBXFileReference; lastKnownFileType = sourcecode.c.h; name = CASettingsStorage.h; path = ../../../../../../../../../Applications/Xcode.app/Contents/Developer/Extras/CoreAudio/PublicUtility/CASettingsStorage.h; sourceTree = "SOURCE_ROOT"; };
		6916A80B89CA23B2B8B0507F = {isa = PBXFileReference; lastKnownFileType = sourcecode.cpp.cpp; name = CASpectralProcessor.cpp; path = ../../../../../../../../../Applications/Xcode.app/Contents/Developer/Extras/CoreAudio/PublicUtility/CASpectralProcessor.cpp; sourceTree = "SOURCE_ROOT"; };
		69A9339034D2A928440DC30C = {isa = PBXFileReference; lastKnownFileType = sourcecode.cpp.cpp; name = CAAUMIDIMapManager.cpp; path = ../../../../../../../../../Applications/Xcode.app/Contents/Developer/Extras/CoreAudio/PublicUtility/CAAUMIDIMapManager.cpp; sourceTree = "SOURCE_ROOT"; };
		6AF44AE331A8CE617EBB5FD2 = {isa = PBXFileReference; lastKnownFileType = sourcecode.cpp.cpp; name = AUEffectBase.cpp; path = ../../../../../../../../../Applications/Xcode.app/Contents/Developer/Extras/CoreAudio/AudioUnits/AUPublic/OtherBases/AUEffectBase.cpp; sourceTree = "SOURCE_ROOT"; };
		6B6D5781518FA09D9CEB518F = {isa = PBXFileReference; lastKnownFileType = sourcecode.cpp.cpp; name = CAAudioChannelLayout.cpp; path = ../../../../../../../../../Applications/Xcode.app/Contents/Developer/Extras/CoreAudio/PublicUtility/CAAudioChannelLayout.cpp; sourceTree = "SOURCE_ROOT"; };
		6C8607E21450D8A2E5D8E635 = {isa = PBXFileReference; lastKnownFileType = sourcecode.cpp.cpp; name = AUOutputElement.cpp; path = ../../../../../../../../../Applications/Xcode.app/Contents/Developer/Extras/CoreAudio/AudioUnits/AUPublic/AUBase/AUOutputElement.cpp; sourceTree = "SOURCE_ROOT"; };
		6C941A6ACE77D4207A004DA8 = {isa = PBXFileReference; lastKnownFileType = sourcecode.c.h; name = CADebugger.h; path = ../../../../../../../../../Applications/Xcode.app/Contents/Developer/Extras/CoreAudio/PublicUtility/CADebugger.h; sourceTree = "SOURCE_ROOT"; };
		76B8444FD59F3FBB3E3AF674 = {isa = PBXFileReference; lastKnownFileType = sourcecode.cpp.cpp; name = CAAudioBufferList.cpp; path = ../../../../../../../../../Applications/Xcode.app/Contents/Developer/Extras/CoreAudio/PublicUtility/CAAudioBufferList.cpp; sourceTree = "SOURCE_ROOT"; };
		76FD53724BCFE12919EA238C = {isa = PBXFileReference; explicitFileType = archive.ar; includeInIndex = 0; path = "libau_wrapper.a"; sourceTree = "BUILT_PRODUCTS_DIR"; };
		77D247E3004B3CDB91A19CA2 = {isa = PBXFileReference; lastKnownFileType = sourcecode.cpp.cpp; name = AUCarbonViewControl.cpp; path = ../../../../../../../../../Applications/Xcode.app/Contents/Developer/Extras/CoreAudio/AudioUnits/AUPublic/AUCarbonViewBase/AUCarbonViewControl.cpp; sourceTree = "SOURCE_ROOT"; };
		77F59C6E5215832CA660607A = {isa = PBXFileReference; lastKnownFileType = sourcecode.c.h; name = CALogMacros.h; path = ../../../../../../../../../Applications/Xcode.app/Contents/Developer/Extras/CoreAudio/PublicUtility/CALogMacros.h; sourceTree = "SOURCE_ROOT"; };
		78C9322F8C033274D7DDBA98 = {isa = PBXFileReference; lastKnownFileType = sourcecode.cpp.cpp; name = CAPThread.cpp; path = ../../../../../../../../../Applications/Xcode.app/Contents/Developer/Extras/CoreAudio/PublicUtility/CAPThread.cpp; sourceTree = "SOURCE_ROOT"; };
		793AD644FF552B765DB41D68 = {isa = PBXFileReference; lastKnownFileType = sourcecode.c.h; name = CAAudioChannelLayout.h; path = ../../../../../../../../../Applications/Xcode.app/Contents/Developer/Extras/CoreAudio/PublicUtility/CAAudioChannelLayout.h; sourceTree = "SOURCE_ROOT"; };
		7C8ED98A3AA83E336F5B45A8 = {isa = PBXFileReference; lastKnownFileType = sourcecode.c.h; name = AUOutputBL.h; path = ../../../../../../../../../Applications/Xcode.app/Contents/Developer/Extras/CoreAudio/PublicUtility/AUOutputBL.h; sourceTree = "SOURCE_ROOT"; };
		7D57D8AE848DB2CD8B441BF4 = {isa = PBXFileReference; lastKnownFileType = sourcecode.c.h; name = AUMIDIEffectBase.h; path = ../../../../../../../../../Applications/Xcode.app/Contents/Developer/Extras/CoreAudio/AudioUnits/AUPublic/OtherBases/AUMIDIEffectBase.h; sourceTree = "SOURCE_ROOT"; };
		7D68C7C799FE6869319DA6D0 = {isa = PBXFileReference; lastKnownFileType = sourcecode.c.h; name = CAExtAudioFile.h; path = ../../../../../../../../../Applications/Xcode.app/Contents/Developer/Extras/CoreAudio/PublicUtility/CAExtAudioFile.h; sourceTree = "SOURCE_ROOT"; };
		7DC233241CEB4E0CE3EF5D87 = {isa = PBXFileReference; lastKnownFileType = sourcecode.c.h; name = CADebugPrintf.h; path = ../../../../../../../../../Applications/Xcode.app/Contents/Developer/Extras/CoreAudio/PublicUtility/CADebugPrintf.h; sourceTree = "SOURCE_ROOT"; };
		7E5D2D0A339E2B4A9753C9F1 = {isa = PBXFileReference; lastKnownFileType = sourcecode.cpp.cpp; name = CAHALAudioDevice.cpp; path = ../../../../../../../../../Applications/Xcode.app/Contents/Developer/Extras/CoreAudio/PublicUtility/CAHALAudioDevice.cpp; sourceTree = "SOURCE_ROOT"; };
		7F81F68A6B026845E3891361 = {isa = PBXFileReference; lastKnownFileType = sourcecode.cpp.cpp; name = CAGuard.cpp; path = ../../../../../../../../../Applications/Xcode.app/Contents/Developer/Extras/CoreAudio/PublicUtility/CAGuard.cpp; sourceTree = "SOURCE_ROOT"; };
		806E0D7A455EAEA3D56716B1 = {isa = PBXFileReference; lastKnownFileType = sourcecode.c.h; name = CACFMessagePort.h; path = ../../../../../../../../../Applications/Xcode.app/Contents/Developer/Extras/CoreAudio/PublicUtility/CACFMessagePort.h; sourceTree = "SOURCE_ROOT"; };
		82DB8ED942FAE828F5AB02AC = {isa = PBXFileReference; lastKnownFileType = sourcecode.cpp.cpp; name = CAComponentDescription.cpp; path = ../../../../../../../../../Applications/Xcode.app/Contents/Developer/Extras/CoreAudio/PublicUtility/CAComponentDescription.cpp; sourceTree = "SOURCE_ROOT"; };
		836DE75AC30400DFD05A25F6 = {isa = PBXFileReference; lastKnownFileType = sourcecode.c.h; name = CABitOperations.h; path = ../../../../../../../../../Applications/Xcode.app/Contents/Developer/Extras/CoreAudio/PublicUtility/CABitOperations.h; sourceTree = "SOURCE_ROOT"; };
		844C3B262CD3BE328D1508CE = {isa = PBXFileReference; lastKnownFileType = sourcecode.c.h; name = CATokenMap.h; path = ../../../../../../../../../Applications/Xcode.app/Contents/Developer/Extras/CoreAudio/PublicUtility/CATokenMap.h; sourceTree = "SOURCE_ROOT"; };
		86E8F5B13B228DAFC0B4E266 = {isa = PBXFileReference; lastKnownFileType = sourcecode.c.h; name = AUInstrumentBase.h; path = ../../../../../../../../../Applications/Xcode.app/Contents/Developer/Extras/CoreAudio/AudioUnits/AUPublic/AUInstrumentBase/AUInstrumentBase.h; sourceTree = "SOURCE_ROOT"; };
		874647B771074BA285CD70CB = {isa = PBXFileReference; lastKnownFileType = sourcecode.c.h; name = CAAtomicStack.h; path = ../../../../../../../../../Applications/Xcode.app/Contents/Developer/Extras/CoreAudio/PublicUtility/CAAtomicStack.h; sourceTree = "SOURCE_ROOT"; };
		881093FAEAC3B0E7B200BAF6 = {isa = PBXFileReference; lastKnownFileType = sourcecode.cpp.cpp; name = CAAUProcessor.cpp; path = ../../../../../../../../../Applications/Xcode.app/Contents/Developer/Extras/CoreAudio/PublicUtility/CAAUProcessor.cpp; sourceTree = "SOURCE_ROOT"; };
		894868DF908A4C06A6A4D39F = {isa = PBXFileReference; lastKnownFileType = sourcecode.c.h; name = CAStreamRangedDescription.h; path = ../../../../../../../../../Applications/Xcode.app/Contents/Developer/Extras/CoreAudio/PublicUtility/CAStreamRangedDescription.h; sourceTree = "SOURCE_ROOT"; };
		89518F667466528C52ED8918 = {isa = PBXFileReference; lastKnownFileType = sourcecode.cpp.cpp; name = CARingBuffer.cpp; path = ../../../../../../../../../Applications/Xcode.app/Contents/Developer/Extras/CoreAudio/PublicUtility/CARingBuffer.cpp; sourceTree = "SOURCE_ROOT"; };
		8ACB26B956649BCB099A6B88 = {isa = PBXFileReference; lastKnownFileType = sourcecode.c.h; name = AUEffectBase.h; path = ../../../../../../../../../Applications/Xcode.app/Contents/Developer/Extras/CoreAudio/AudioUnits/AUPublic/OtherBases/AUEffectBase.h; sourceTree = "SOURCE_ROOT"; };
		8BCC1E8DB76B198D5E02ECEC = {isa = PBXFileReference; lastKnownFileType = sourcecode.cpp.cpp; name = SynthNoteList.cpp; path = ../../../../../../../../../Applications/Xcode.app/Contents/Developer/Extras/CoreAudio/AudioUnits/AUPublic/AUInstrumentBase/SynthNoteList.cpp; sourceTree = "SOURCE_ROOT"; };
		90618A9FEE727BB6FE2D21D6 = {isa = PBXFileReference; lastKnownFileType = sourcecode.c.h; name = CAHostTimeBase.h; path = ../../../../../../../../../Applications/Xcode.app/Contents/Developer/Extras/CoreAudio/PublicUtility/CAHostTimeBase.h; sourceTree = "SOURCE_ROOT"; };
		92D1E284D005C19C641BC38C = {isa = PBXFileReference; lastKnownFileType = sourcecode.cpp.cpp; name = AUMIDIEffectBase.cpp; path = ../../../../../../../../../Applications/Xcode.app/Contents/Developer/Extras/CoreAudio/AudioUnits/AUPublic/OtherBases/AUMIDIEffectBase.cpp; sourceTree = "SOURCE_ROOT"; };
		92DF330ED89273450627218E = {isa = PBXFileReference; lastKnownFileType = sourcecode.c.h; name = CABufferList.h; path = ../../../../../../../../../Applications/Xcode.app/Contents/Developer/Extras/CoreAudio/PublicUtility/CABufferList.h; sourceTree = "SOURCE_ROOT"; };
		93E5C8EF8A06A628BF8201DC = {isa = PBXFileReference; lastKnownFileType = sourcecode.c.h; name = AUBuffer.h; path = ../../../../../../../../../Applications/Xcode.app/Contents/Developer/Extras/CoreAudio/AudioUnits/AUPublic/Utility/AUBuffer.h; sourceTree = "SOURCE_ROOT"; };
		94CAB40823745CE30013BBC4 = {isa = PBXFileReference; lastKnownFileType = sourcecode.c.h; name = CACFData.h; path = ../../../../../../../../../Applications/Xcode.app/Contents/Developer/Extras/CoreAudio/PublicUtility/CACFData.h; sourceTree = "SOURCE_ROOT"; };
		95DA8E851434D96808FDCB0D = {isa = PBXFileReference; lastKnownFileType = sourcecode.cpp.cpp; name = CAAudioChannelLayoutObject.cpp; path = ../../../../../../../../../Applications/Xcode.app/Contents/Developer/Extras/CoreAudio/PublicUtility/CAAudioChannelLayoutObject.cpp; sourceTree = "SOURCE_ROOT"; };
		960CCC40E6E29BE729EE91A8 = {isa = PBXFileReference; lastKnownFileType = sourcecode.cpp.cpp; name = CASharedLibrary.cpp; path = ../../../../../../../../../Applications/Xcode.app/Contents/Developer/Extras/CoreAudio/PublicUtility/CASharedLibrary.cpp; sourceTree = "SOURCE_ROOT"; };
		96C6104A14D90DDA7077822E = {isa = PBXFileReference; lastKnownFileType = sourcecode.cpp.cpp; name = CAHALAudioObject.cpp; path = ../../../../../../../../../Applications/Xcode.app/Contents/Developer/Extras/CoreAudio/PublicUtility/CAHALAudioObject.cpp; sourceTree = "SOURCE_ROOT"; };
		9734FBAA9E2859BED6DC7A04 = {isa = PBXFileReference; lastKnownFileType = sourcecode.c.h; name = AUInputFormatConverter.h; path = ../../../../../../../../../Applications/Xcode.app/Contents/Developer/Extras/CoreAudio/AudioUnits/AUPublic/Utility/AUInputFormatConverter.h; sourceTree = "SOURCE_ROOT"; };
		99AD0873CA51EBCDADDD755B = {isa = PBXFileReference; lastKnownFileType = sourcecode.c.h; name = CACFDistributedNotification.h; path = ../../../../../../../../../Applications/Xcode.app/Contents/Developer/Extras/CoreAudio/PublicUtility/CACFDistributedNotification.h; sourceTree = "SOURCE_ROOT"; };
		9A834F391F4BE99A9D69EB56 = {isa = PBXFileReference; lastKnownFileType = sourcecode.c.h; name = AUPlugInDispatch.h; path = ../../../../../../../../../Applications/Xcode.app/Contents/Developer/Extras/CoreAudio/AudioUnits/AUPublic/AUBase/AUPlugInDispatch.h; sourceTree = "SOURCE_ROOT"; };
		9ACE2D24EB59D21CF9135A81 = {isa = PBXFileReference; lastKnownFileType = sourcecode.c.h; name = CAXException.h; path = ../../../../../../../../../Applications/Xcode.app/Contents/Developer/Extras/CoreAudio/PublicUtility/CAXException.h; sourceTree = "SOURCE_ROOT"; };
		9BBB9E0FC52044AA3B6DE3E2 = {isa = PBXFileReference; lastKnownFileType = sourcecode.cpp.cpp; name = AUPlugInDispatch.cpp; path = ../../../../../../../../../Applications/Xcode.app/Contents/Developer/Extras/CoreAudio/AudioUnits/AUPublic/AUBase/AUPlugInDispatch.cpp; sourceTree = "SOURCE_ROOT"; };
		9C68AA5A50FD6F3EE978FBD6 = {isa = PBXFileReference; lastKnownFileType = sourcecode.c.h; name = CASpectralProcessor.h; path = ../../../../../../../../../Applications/Xcode.app/Contents/Developer/Extras/CoreAudio/PublicUtility/CASpectralProcessor.h; sourceTree = "SOURCE_ROOT"; };
		A0489E54EB7C78F7C9475566 = {isa = PBXFileReference; lastKnownFileType = sourcecode.cpp.cpp; name = CABundleLocker.cpp; path = ../../../../../../../../../Applications/Xcode.app/Contents/Developer/Extras/CoreAudio/PublicUtility/CABundleLocker.cpp; sourceTree = "SOURCE_ROOT"; };
		A0C2F286635C893A963359CC = {isa = PBXFileReference; lastKnownFileType = sourcecode.c.h; name = AUScopeElement.h; path = ../../../../../../../../../Applications/Xcode.app/Contents/Developer/Extras/CoreAudio/AudioUnits/AUPublic/AUBase/AUScopeElement.h; sourceTree = "SOURCE_ROOT"; };
		A65F4B52D181986B143BA084 = {isa = PBXFileReference; lastKnownFileType = sourcecode.c.h; name = MatrixMixerVolumes.h; path = ../../../../../../../../../Applications/Xcode.app/Contents/Developer/Extras/CoreAudio/PublicUtility/MatrixMixerVolumes.h; sourceTree = "SOURCE_ROOT"; };
		A6787F17E286D0A0DDC8766B = {isa = PBXFileReference; lastKnownFileType = sourcecode.c.h; name = CACFDictionary.h; path = ../../../../../../../../../Applications/Xcode.app/Contents/Developer/Extras/CoreAudio/PublicUtility/CACFDictionary.h; sourceTree = "SOURCE_ROOT"; };
		A6A27D407454442B60BC51A1 = {isa = PBXFileReference; lastKnownFileType = sourcecode.cpp.cpp; name = AUOutputBase.cpp; path = ../../../../../../../../../Applications/Xcode.app/Contents/Developer/Extras/CoreAudio/AudioUnits/AUPublic/OtherBases/AUOutputBase.cpp; sourceTree = "SOURCE_ROOT"; };
		A6B8FBC7060E54E4CF03C762 = {isa = PBXFileReference; lastKnownFileType = sourcecode.c.h; name = CAAUParameter.h; path = ../../../../../../../../../Applications/Xcode.app/Contents/Developer/Extras/CoreAudio/PublicUtility/CAAUParameter.h; sourceTree = "SOURCE_ROOT"; };
		A7C3BDDC1BE8259FB13CC509 = {isa = PBXFileReference; lastKnownFileType = sourcecode.cpp.cpp; name = CADebugMacros.cpp; path = ../../../../../../../../../Applications/Xcode.app/Contents/Developer/Extras/CoreAudio/PublicUtility/CADebugMacros.cpp; sourceTree = "SOURCE_ROOT"; };
		A8E2BE5B27CE44CB4DE03783 = {isa = PBXFileReference; lastKnownFileType = sourcecode.c.h; name = CAThreadSafeList.h; path = ../../../../../../../../../Applications/Xcode.app/Contents/Developer/Extras/CoreAudio/PublicUtility/CAThreadSafeList.h; sourceTree = "SOURCE_ROOT"; };
		ABB044DD691078EC8C666A35 = {isa = PBXFileReference; lastKnownFileType = sourcecode.c.h; name = CACFMachPort.h; path = ../../../../../../../../../Applications/Xcode.app/Contents/Developer/Extras/CoreAudio/PublicUtility/CACFMachPort.h; sourceTree = "SOURCE_ROOT"; };
		ABE1AC7378B534220B85C3C1 = {isa = PBXFileReference; lastKnownFileType = sourcecode.c.h; name = CARingBuffer.h; path = ../../../../../../../../../Applications/Xcode.app/Contents/Developer/Extras/CoreAudio/PublicUtility/CARingBuffer.h; sourceTree = "SOURCE_ROOT"; };
		AC5F71C8DAF09118D62AA51D = {isa = PBXFileReference; lastKnownFileType = sourcecode.c.h; name = AUBaseHelper.h; path = ../../../../../../../../../Applications/Xcode.app/Contents/Developer/Extras/CoreAudio/AudioUnits/AUPublic/Utility/AUBaseHelper.h; sourceTree = "SOURCE_ROOT"; };
		AD471F7BC70CD91E4B3533E3 = {isa = PBXFileReference; lastKnownFileType = sourcecode.c.h; name = CAGuard.h; path = ../../../../../../../../../Applications/Xcode.app/Contents/Developer/Extras/CoreAudio/PublicUtility/CAGuard.h; sourceTree = "SOURCE_ROOT"; };
		AEEE7413F076384F5BFB4D35 = {isa = PBXFileReference; lastKnownFileType = sourcecode.c.h; name = ComponentBase.h; path = ../../../../../../../../../Applications/Xcode.app/Contents/Developer/Extras/CoreAudio/AudioUnits/AUPublic/AUBase/ComponentBase.h; sourceTree = "SOURCE_ROOT"; };
		AF9B02E779E3FB928667A349 = {isa = PBXFileReference; lastKnownFileType = sourcecode.c.h; name = MusicDeviceBase.h; path = ../../../../../../../../../Applications/Xcode.app/Contents/Developer/Extras/CoreAudio/AudioUnits/AUPublic/OtherBases/MusicDeviceBase.h; sourceTree = "SOURCE_ROOT"; };
		AFCF2902408DDDC17D28FB6E = {isa = PBXFileReference; lastKnownFileType = sourcecode.c.h; name = CAPThread.h; path = ../../../../../../../../../Applications/Xcode.app/Contents/Developer/Extras/CoreAudio/PublicUtility/CAPThread.h; sourceTree = "SOURCE_ROOT"; };
		B476087E774AB7753D1D7193 = {isa = PBXFileReference; lastKnownFileType = sourcecode.c.h; name = AUOutputElement.h; path = ../../../../../../../../../Applications/Xcode.app/Contents/Developer/Extras/CoreAudio/AudioUnits/AUPublic/AUBase/AUOutputElement.h; sourceTree = "SOURCE_ROOT"; };
		B73380961F1C692C274B9F70 = {isa = PBXFileReference; lastKnownFileType = sourcecode.cpp.cpp; name = CAComponent.cpp; path = ../../../../../../../../../Applications/Xcode.app/Contents/Developer/Extras/CoreAudio/PublicUtility/CAComponent.cpp; sourceTree = "SOURCE_ROOT"; };
		B80F72F848D7461F9C2AB283 = {isa = PBXFileReference; lastKnownFileType = sourcecode.cpp.cpp; name = CAStreamBasicDescription.cpp; path = ../../../../../../../../../Applications/Xcode.app/Contents/Developer/Extras/CoreAudio/PublicUtility/CAStreamBasicDescription.cpp; sourceTree = "SOURCE_ROOT"; };
		BCADD4A553C6992770833742 = {isa = PBXFileReference; lastKnownFileType = sourcecode.c.h; name = SynthElement.h; path = ../../../../../../../../../Applications/Xcode.app/Contents/Developer/Extras/CoreAudio/AudioUnits/AUPublic/AUInstrumentBase/SynthElement.h; sourceTree = "SOURCE_ROOT"; };
		BDB52DD634810FF026E0AD2B = {isa = PBXFileReference; lastKnownFileType = sourcecode.c.h; name = CAAtomic.h; path = ../../../../../../../../../Applications/Xcode.app/Contents/Developer/Extras/CoreAudio/PublicUtility/CAAtomic.h; sourceTree = "SOURCE_ROOT"; };
		BE5D7C50DF0E989E0FB42079 = {isa = PBXFileReference; lastKnownFileType = sourcecode.cpp.cpp; name = CABufferList.cpp; path = ../../../../../../../../../Applications/Xcode.app/Contents/Developer/Extras/CoreAudio/PublicUtility/CABufferList.cpp; sourceTree = "SOURCE_ROOT"; };
		BEE09005375EBAA1C5A288B0 = {isa = PBXFileReference; lastKnownFileType = sourcecode.cpp.cpp; name = AUInstrumentBase.cpp; path = ../../../../../../../../../Applications/Xcode.app/Contents/Developer/Extras/CoreAudio/AudioUnits/AUPublic/AUInstrumentBase/AUInstrumentBase.cpp; sourceTree = "SOURCE_ROOT"; };
		C051539B459000D286587770 = {isa = PBXFileReference; lastKnownFileType = sourcecode.cpp.cpp; name = CAPersistence.cpp; path = ../../../../../../../../../Applications/Xcode.app/Contents/Developer/Extras/CoreAudio/PublicUtility/CAPersistence.cpp; sourceTree = "SOURCE_ROOT"; };
		C221867BF763E502336480B2 = {isa = PBXFileReference; lastKnownFileType = sourcecode.cpp.cpp; name = CAStreamRangedDescription.cpp; path = ../../../../../../../../../Applications/Xcode.app/Contents/Developer/Extras/CoreAudio/PublicUtility/CAStreamRangedDescription.cpp; sourceTree = "SOURCE_ROOT"; };
		C228B7A41F56C960224E7027 = {isa = PBXFileReference; lastKnownFileType = sourcecode.c.h; name = CADebugMacros.h; path = ../../../../../../../../../Applications/Xcode.app/Contents/Developer/Extras/CoreAudio/PublicUtility/CADebugMacros.h; sourceTree = "SOURCE_ROOT"; };
		C508045DA952D12DB5419ED5 = {isa = PBXFileReference; lastKnownFileType = sourcecode.c.h; name = SynthNote.h; path = ../../../../../../../../../Applications/Xcode.app/Contents/Developer/Extras/CoreAudio/AudioUnits/AUPublic/AUInstrumentBase/SynthNote.h; sourceTree = "SOURCE_ROOT"; };
		C55365E41E28A0F687D36C3D = {isa = PBXFileReference; lastKnownFileType = sourcecode.c.h; name = CAComponentDescription.h; path = ../../../../../../../../../Applications/Xcode.app/Contents/Developer/Extras/CoreAudio/PublicUtility/CAComponentDescription.h; sourceTree = "SOURCE_ROOT"; };
		C5C85514AB61AD051097F727 = {isa = PBXFileReference; lastKnownFileType = sourcecode.cpp.cpp; name = CAMutex.cpp; path = ../../../../../../../../../Applications/Xcode.app/Contents/Developer/Extras/CoreAudio/PublicUtility/CAMutex.cpp; sourceTree = "SOURCE_ROOT"; };
		C86C6E2683D7401B1CA8C79A = {isa = PBXFileReference; lastKnownFileType = sourcecode.cpp.cpp; name = CADebugPrintf.cpp; path = ../../../../../../../../../Applications/Xcode.app/Contents/Developer/Extras/CoreAudio/PublicUtility/CADebugPrintf.cpp; sourceTree = "SOURCE_ROOT"; };
		C91F63976D8A4AD968124DC0 = {isa = PBXFileReference; lastKnownFileType = sourcecode.c.h; name = AUSilentTimeout.h; path = ../../../../../../../../../Applications/Xcode.app/Contents/Developer/Extras/CoreAudio/AudioUnits/AUPublic/Utility/AUSilentTimeout.h; sourceTree = "SOURCE_ROOT"; };
		C95BD1CE01372EFCB5CF8C84 = {isa = PBXFileReference; lastKnownFileType = sourcecode.cpp.cpp; name = AUOutputBL.cpp; path = ../../../../../../../../../Applications/Xcode.app/Contents/Developer/Extras/CoreAudio/PublicUtility/AUOutputBL.cpp; sourceTree = "SOURCE_ROOT"; };
		CB4F77F0DCAC904837775D18 = {isa = PBXFileReference; lastKnownFileType = sourcecode.c.h; name = CAAudioUnit.h; path = ../../../../../../../../../Applications/Xcode.app/Contents/Developer/Extras/CoreAudio/PublicUtility/CAAudioUnit.h; sourceTree = "SOURCE_ROOT"; };
		CDAD43C3AC7E956514B14CF9 = {isa = PBXFileReference; lastKnownFileType = sourcecode.c.h; name = AUCarbonViewControl.h; path = ../../../../../../../../../Applications/Xcode.app/Contents/Developer/Extras/CoreAudio/AudioUnits/AUPublic/AUCarbonViewBase/AUCarbonViewControl.h; sourceTree = "SOURCE_ROOT"; };
		CF5AE0DC95024B475D3D13C3 = {isa = PBXFileReference; lastKnownFileType = sourcecode.cpp.cpp; name = CASettingsStorage.cpp; path = ../../../../../../../../../Applications/Xcode.app/Contents/Developer/Extras/CoreAudio/PublicUtility/CASettingsStorage.cpp; sourceTree = "SOURCE_ROOT"; };
		D2B4268FBE7EF906647E3726 = {isa = PBXFileReference; lastKnownFileType = sourcecode.c.h; name = CAByteOrder.h; path = ../../../../../../../../../Applications/Xcode.app/Contents/Developer/Extras/CoreAudio/PublicUtility/CAByteOrder.h; sourceTree = "SOURCE_ROOT"; };
		D4F88DBBAC2083C6B5EF4461 = {isa = PBXFileReference; lastKnownFileType = sourcecode.c.h; name = CAFilePathUtils.h; path = ../../../../../../../../../Applications/Xcode.app/Contents/Developer/Extras/CoreAudio/PublicUtility/CAFilePathUtils.h; sourceTree = "SOURCE_ROOT"; };
		D71D633E7FACB0072B9C6301 = {isa = PBXFileReference; lastKnownFileType = sourcecode.c.h; name = CAMath.h; path = ../../../../../../../../../Applications/Xcode.app/Contents/Developer/Extras/CoreAudio/PublicUtility/CAMath.h; sourceTree = "SOURCE_ROOT"; };
		D8CCFFA4501C97E1A459B298 = {isa = PBXFileReference; lastKnownFileType = sourcecode.cpp.cpp; name = CAProcess.cpp; path = ../../../../../../../../../Applications/Xcode.app/Contents/Developer/Extras/CoreAudio/PublicUtility/CAProcess.cpp; sourceTree = "SOURCE_ROOT"; };
		DD75A000ABE5836C6FDA9E36 = {isa = PBXFileReference; lastKnownFileType = sourcecode.cpp.cpp; name = AUPannerBase.cpp; path = ../../../../../../../../../Applications/Xcode.app/Contents/Developer/Extras/CoreAudio/AudioUnits/AUPublic/OtherBases/AUPannerBase.cpp; sourceTree = "SOURCE_ROOT"; };
		DEB038A9BC7793BBBD0B8DB5 = {isa = PBXFileReference; lastKnownFileType = sourcecode.c.h; name = AUOutputBase.h; path = ../../../../../../../../../Applications/Xcode.app/Contents/Developer/Extras/CoreAudio/AudioUnits/AUPublic/OtherBases/AUOutputBase.h; sourceTree = "SOURCE_ROOT"; };
		E13412985FE844385A8F3DEE = {isa = PBXFileReference; lastKnownFileType = sourcecode.cpp.cpp; name = CACFPreferences.cpp; path = ../../../../../../../../../Applications/Xcode.app/Contents/Developer/Extras/CoreAudio/PublicUtility/CACFPreferences.cpp; sourceTree = "SOURCE_ROOT"; };
		E221791A4174FA97FD647C8A = {isa = PBXFileReference; lastKnownFileType = sourcecode.c.h; name = CATink.h; path = ../../../../../../../../../Applications/Xcode.app/Contents/Developer/Extras/CoreAudio/PublicUtility/CATink.h; sourceTree = "SOURCE_ROOT"; };
		E34448E883D4BD05E4155F05 = {isa = PBXFileReference; lastKnownFileType = sourcecode.c.h; name = CAAudioValueRange.h; path = ../../../../../../../../../Applications/Xcode.app/Contents/Developer/Extras/CoreAudio/PublicUtility/CAAudioValueRange.h; sourceTree = "SOURCE_ROOT"; };
		E469ACFE508D8BDBF576ACA2 = {isa = PBXFileReference; lastKnownFileType = sourcecode.cpp.cpp; name = AUDispatch.cpp; path = ../../../../../../../../../Applications/Xcode.app/Contents/Developer/Extras/CoreAudio/AudioUnits/AUPublic/AUBase/AUDispatch.cpp; sourceTree = "SOURCE_ROOT"; };
		E99B66E537708EDC257A75AD = {isa = PBXFileReference; lastKnownFileType = sourcecode.c.h; name = AUMIDIBase.h; path = ../../../../../../../../../Applications/Xcode.app/Contents/Developer/Extras/CoreAudio/AudioUnits/AUPublic/OtherBases/AUMIDIBase.h; sourceTree = "SOURCE_ROOT"; };
		EC4A3F7657592E22F15B6799 = {isa = PBXFileReference; lastKnownFileType = sourcecode.cpp.cpp; name = CAAUMIDIMap.cpp; path = ../../../../../../../../../Applications/Xcode.app/Contents/Developer/Extras/CoreAudio/PublicUtility/CAAUMIDIMap.cpp; sourceTree = "SOURCE_ROOT"; };
		ED97FC083116828737587041 = {isa = PBXFileReference; lastKnownFileType = sourcecode.cpp.cpp; name = CACFArray.cpp; path = ../../../../../../../../../Applications/Xcode.app/Contents/Developer/Extras/CoreAudio/PublicUtility/CACFArray.cpp; sourceTree = "SOURCE_ROOT"; };
		F413CBDEA6C358E122AC0F41 = {isa = PBXFileReference; lastKnownFileType = sourcecode.cpp.cpp; name = CAAudioFileFormats.cpp; path = ../../../../../../../../../Applications/Xcode.app/Contents/Developer/Extras/CoreAudio/PublicUtility/CAAudioFileFormats.cpp; sourceTree = "SOURCE_ROOT"; };
		F467D5D8C4178BF1E6D2A83E = {isa = PBXFileReference; lastKnownFileType = sourcecode.c.h; name = CAVolumeCurve.h; path = ../../../../../../../../../Applications/Xcode.app/Contents/Developer/Extras/CoreAudio/PublicUtility/CAVolumeCurve.h; sourceTree = "SOURCE_ROOT"; };
		F5F759FAD106C9457E2E63CD = {isa = PBXFileReference; lastKnownFileType = sourcecode.c.h; name = CAStreamBasicDescription.h; path = ../../../../../../../../../Applications/Xcode.app/Contents/Developer/Extras/CoreAudio/PublicUtility/CAStreamBasicDescription.h; sourceTree = "SOURCE_ROOT"; };
		F6215EE46BED4E42BD420CBB = {isa = PBXFileReference; lastKnownFileType = sourcecode.cpp.cpp; name = AUMIDIBase.cpp; path = ../../../../../../../../../Applications/Xcode.app/Contents/Developer/Extras/CoreAudio/AudioUnits/AUPublic/OtherBases/AUMIDIBase.cpp; sourceTree = "SOURCE_ROOT"; };
		FA9C5815FF4693AF3392AA31 = {isa = PBXFileReference; lastKnownFileType = sourcecode.c.h; name = CAProcess.h; path = ../../../../../../../../../Applications/Xcode.app/Contents/Developer/Extras/CoreAudio/PublicUtility/CAProcess.h; sourceTree = "SOURCE_ROOT"; };
		FAD942F33BAB9F037F7F6359 = {isa = PBXFileReference; lastKnownFileType = sourcecode.cpp.cpp; name = AUCarbonViewDispatch.cpp; path = ../../../../../../../../../Applications/Xcode.app/Contents/Developer/Extras/CoreAudio/AudioUnits/AUPublic/AUCarbonViewBase/AUCarbonViewDispatch.cpp; sourceTree = "SOURCE_ROOT"; };
		FB5A10D3C36305C924A79512 = {isa = PBXFileReference; lastKnownFileType = sourcecode.cpp.cpp; name = CACFDictionary.cpp; path = ../../../../../../../../../Applications/Xcode.app/Contents/Developer/Extras/CoreAudio/PublicUtility/CACFDictionary.cpp; sourceTree = "SOURCE_ROOT"; };
		FBDC32932CC5A0FD9FA5820D = {isa = PBXFileReference; lastKnownFileType = sourcecode.c.h; name = CarbonEventHandler.h; path = ../../../../../../../../../Applications/Xcode.app/Contents/Developer/Extras/CoreAudio/AudioUnits/AUPublic/AUCarbonViewBase/CarbonEventHandler.h; sourceTree = "SOURCE_ROOT"; };
		FC298E96A030A74E3CAB6987 = {isa = PBXFileReference; lastKnownFileType = sourcecode.cpp.cpp; name = AUInputElement.cpp; path = ../../../../../../../../../Applications/Xcode.app/Contents/Developer/Extras/CoreAudio/AudioUnits/AUPublic/AUBase/AUInputElement.cpp; sourceTree = "SOURCE_ROOT"; };
		FC59B41810C301B6AA7A4432 = {isa = PBXFileReference; lastKnownFileType = sourcecode.c.h; name = CAPropertyAddress.h; path = ../../../../../../../../../Applications/Xcode.app/Contents/Developer/Extras/CoreAudio/PublicUtility/CAPropertyAddress.h; sourceTree = "SOURCE_ROOT"; };
		FD4881AE17402AAC8E22FF2B = {isa = PBXFileReference; lastKnownFileType = sourcecode.cpp.cpp; name = SynthNote.cpp; path = ../../../../../../../../../Applications/Xcode.app/Contents/Developer/Extras/CoreAudio/AudioUnits/AUPublic/AUInstrumentBase/SynthNote.cpp; sourceTree = "SOURCE_ROOT"; };
		F380EE664CC34F78F3E042E2 = {isa = PBXGroup; children = (
					C95BD1CE01372EFCB5CF8C84,
					7C8ED98A3AA83E336F5B45A8,
					20199BCEE53619FEB3515F8D,
					2E0195AB6EE9A2D64A1A4C57,
					BDB52DD634810FF026E0AD2B,
					874647B771074BA285CD70CB,
					76B8444FD59F3FBB3E3AF674,
					237A9DFDE0D9FFE01EBF0D98,
					6B6D5781518FA09D9CEB518F,
					793AD644FF552B765DB41D68,
					95DA8E851434D96808FDCB0D,
					F413CBDEA6C358E122AC0F41,
					5830D40FA8A82B4D2320D9EF,
					05CBDB1EF111378A2660B12F,
					2BAEAE9FC98D9B89C34E8492,
					2247189214D83D8B284880A7,
					CB4F77F0DCAC904837775D18,
					24921367164CFB14B81898D9,
					52025DDC0B84D34A28416F91,
					E34448E883D4BD05E4155F05,
					EC4A3F7657592E22F15B6799,
					24CA32A15796914DB4EE2F26,
					69A9339034D2A928440DC30C,
					3D64AA3AD9AAE6074C39D534,
					502593B898104018D13F5CFC,
					A6B8FBC7060E54E4CF03C762,
					881093FAEAC3B0E7B200BAF6,
					58C6CA7848BFEE807735CC09,
					24551633613DCD50A7F37EEB,
					836DE75AC30400DFD05A25F6,
					0B0CA62661D4DF9E78FFD802,
					BE5D7C50DF0E989E0FB42079,
					92DF330ED89273450627218E,
					A0489E54EB7C78F7C9475566,
					03EB408E1F89E4416535D2E4,
					D2B4268FBE7EF906647E3726,
					ED97FC083116828737587041,
					56657493BCC556817217852D,
					94CAB40823745CE30013BBC4,
					FB5A10D3C36305C924A79512,
					A6787F17E286D0A0DDC8766B,
					6343A0D2AB4D01487A29ED1A,
					99AD0873CA51EBCDADDD755B,
					5E572CC3251B3BFB6A299B4F,
					ABB044DD691078EC8C666A35,
					0BE5B79ED38946D8908DB448,
					806E0D7A455EAEA3D56716B1,
					003EC45BF705454A12B3711D,
					55E79936BCA6FAE10C019DFE,
					4BD83801E53262EB676A721A,
					624B367A97A46D72CF86BB15,
					E13412985FE844385A8F3DEE,
					55520703A5E5A5496857A8E6,
					2F21455D39CF6C2EA2D97562,
					1C8E1E123817CEE9DC1764F3,
					B73380961F1C692C274B9F70,
					4F18AC8E4C88A87BC1DB5E41,
					82DB8ED942FAE828F5AB02AC,
					C55365E41E28A0F687D36C3D,
					0ABA5FCE31F343AE3F349ABE,
					6C941A6ACE77D4207A004DA8,
					A7C3BDDC1BE8259FB13CC509,
					C228B7A41F56C960224E7027,
					C86C6E2683D7401B1CA8C79A,
					7DC233241CEB4E0CE3EF5D87,
					2C419AF91D48A6C0E01F9F32,
					7D68C7C799FE6869319DA6D0,
					330A220D4DB885E715BFA568,
					D4F88DBBAC2083C6B5EF4461,
					7F81F68A6B026845E3891361,
					AD471F7BC70CD91E4B3533E3,
					7E5D2D0A339E2B4A9753C9F1,
					623BF80BCD26A2A93F44683E,
					96C6104A14D90DDA7077822E,
					35B4A6F23055ABEC3FEB1B1D,
					09E6DD44D183B1216332D68D,
					634EF1954361E4731DB73ADF,
					07EDB37E2D824E6FECA12209,
					5864547CA538DB5932AA9BD6,
					5B409FAB584484A45BE47938,
					90618A9FEE727BB6FE2D21D6,
					77F59C6E5215832CA660607A,
					D71D633E7FACB0072B9C6301,
					55AE98C53DD0870E5DE6FD9A,
					C5C85514AB61AD051097F727,
					634790BE076F7D4EF75A48FB,
					C051539B459000D286587770,
					D8CCFFA4501C97E1A459B298,
					FA9C5815FF4693AF3392AA31,
					FC59B41810C301B6AA7A4432,
					78C9322F8C033274D7DDBA98,
					AFCF2902408DDDC17D28FB6E,
					5C7493A413FEA10DD2D1B3E4,
					89518F667466528C52ED8918,
					ABE1AC7378B534220B85C3C1,
					CF5AE0DC95024B475D3D13C3,
					690E62A3F007FAA6C0CEE7C3,
					960CCC40E6E29BE729EE91A8,
					4E03A725C9DC04DFFD114AD8,
					6916A80B89CA23B2B8B0507F,
					9C68AA5A50FD6F3EE978FBD6,
					B80F72F848D7461F9C2AB283,
					F5F759FAD106C9457E2E63CD,
					C221867BF763E502336480B2,
					894868DF908A4C06A6A4D39F,
					A8E2BE5B27CE44CB4DE03783,
					E221791A4174FA97FD647C8A,
					844C3B262CD3BE328D1508CE,
					47782F82A63B6619C2BD9A3F,
					65C0645B08F5DEBCCD2A8798,
					08F85FE930258A436C1BF4A9,
					1EDC6A40C9B3E37900BFCDD1,
					F467D5D8C4178BF1E6D2A83E,
					2F412BF843DFC2FF729DEF9B,
					9ACE2D24EB59D21CF9135A81,
					34E69E19DB876C535635752B,
					A65F4B52D181986B143BA084, ); name = PublicUtility; sourceTree = "<group>"; };
		73CA7736302D9F986F5BFDCD = {isa = PBXGroup; children = (
					5C2CFF74FC84C70C75A498A5,
					01B77B2EA60943051C951285,
					E469ACFE508D8BDBF576ACA2,
					2ADC5321705F1B27F9C7F136,
					FC298E96A030A74E3CAB6987,
					5FA544285FC859F9AB744B76,
					6C8607E21450D8A2E5D8E635,
					B476087E774AB7753D1D7193,
					9BBB9E0FC52044AA3B6DE3E2,
					9A834F391F4BE99A9D69EB56,
					36BF0E7A2C3A920AB4062F4A,
					A0C2F286635C893A963359CC,
					3F532EC3FC48D58CF905CDCD,
					AEEE7413F076384F5BFB4D35, ); name = AUBase; sourceTree = "<group>"; };
		CC1E8EBA3BF0B7840BD84D67 = {isa = PBXGroup; children = (
					4A483A8C932094EE9AF4D5FF,
					57CFAF8BA8A215B2F0E3B33F,
					77D247E3004B3CDB91A19CA2,
					CDAD43C3AC7E956514B14CF9,
					FAD942F33BAB9F037F7F6359,
					074BE16DC839788E06A1BEAC,
					54EF5745237C19AE869E5E9A,
					66354022D91EAC4EE52DF473,
					FBDC32932CC5A0FD9FA5820D, ); name = AUCarbonViewBase; sourceTree = "<group>"; };
		CD88FD32CFBF783B8A18FE87 = {isa = PBXGroup; children = (
					BEE09005375EBAA1C5A288B0,
					86E8F5B13B228DAFC0B4E266,
					30F0D5383D4D5C72D4E72AA9,
					3B5DCCBA1175FAF27BD1E725,
					4E9110D83F7D1C30102E6E38,
					BCADD4A553C6992770833742,
					09E464ECCFD4314B592E0BCF,
					FD4881AE17402AAC8E22FF2B,
					C508045DA952D12DB5419ED5,
					8BCC1E8DB76B198D5E02ECEC,
					54BCBCFD1A6C10EDB15F1DD5, ); name = AUInstrumentBase; sourceTree = "<group>"; };
		C8202F33CF73CD3382ED31E3 = {isa = PBXGroup; children = (
					483CA2C34602D50E7868DE71, ); name = AUViewBase; sourceTree = "<group>"; };
		865B15FC7AC87D744C183994 = {isa = PBXGroup; children = (
					6AF44AE331A8CE617EBB5FD2,
					8ACB26B956649BCB099A6B88,
					F6215EE46BED4E42BD420CBB,
					E99B66E537708EDC257A75AD,
					92D1E284D005C19C641BC38C,
					7D57D8AE848DB2CD8B441BF4,
					A6A27D407454442B60BC51A1,
					DEB038A9BC7793BBBD0B8DB5,
					DD75A000ABE5836C6FDA9E36,
					4863F18962F77AA47C86623E,
					04FEF7EEE4D3F74D6689E418,
					AF9B02E779E3FB928667A349, ); name = OtherBases; sourceTree = "<group>"; };
		4972A64F1B8C00BC738650DC = {isa = PBXGroup; children = (
					3FF7F47CF752F26665DE2E49,
					AC5F71C8DAF09118D62AA51D,
					22E15EA217F00B506968832A,
					93E5C8EF8A06A628BF8201DC,
					9734FBAA9E2859BED6DC7A04,
					573203CAE48A4E5E31FEC362,
					C91F63976D8A4AD968124DC0,
					1E80C1FF86868BCFB06B3B9D,
					605BAC55B4164CEE48D845FD, ); name = Utility; sourceTree = "<group>"; };
		ED2947CA791BA40C5B1C4CDA = {isa = PBXGroup; children = (
					F380EE664CC34F78F3E042E2,
					73CA7736302D9F986F5BFDCD,
					CC1E8EBA3BF0B7840BD84D67,
					CD88FD32CFBF783B8A18FE87,
					C8202F33CF73CD3382ED31E3,
					865B15FC7AC87D744C183994,
					4972A64F1B8C00BC738650DC, ); name = Source; sourceTree = "<group>"; };
		E1E1F80AF409F4D5EFF5ECC1 = {isa = PBXGroup; children = (
					ED2947CA791BA40C5B1C4CDA, ); name = Wrapper; sourceTree = "<group>"; };
		5529F1DB1B30EBA13A001412 = {isa = PBXGroup; children = (
					1707AE32860193552A112D50,
					4EC578D4E71AE7E68C977E18, ); name = "Juce Library Code"; sourceTree = "<group>"; };
		0A866A20757A81A3476E5272 = {isa = PBXGroup; children = (
					4FC32515BB0D8DFF61E4EBA0, ); name = Resources; sourceTree = "<group>"; };
		F43255ADAB59A9C5A25BD964 = {isa = PBXGroup; children = (  ); name = Frameworks; sourceTree = "<group>"; };
		3CF3AE4C08A43324D8CEADF4 = {isa = PBXGroup; children = (
					76FD53724BCFE12919EA238C, ); name = Products; sourceTree = "<group>"; };
		95F70740D0DAC662A4529E6B = {isa = PBXGroup; children = (
					E1E1F80AF409F4D5EFF5ECC1,
					5529F1DB1B30EBA13A001412,
					0A866A20757A81A3476E5272,
					F43255ADAB59A9C5A25BD964,
					3CF3AE4C08A43324D8CEADF4, ); name = Source; sourceTree = "<group>"; };
		7D76ABDAA054A54486255442 = {isa = XCBuildConfiguration; buildSettings = {
				ARCHS = "$(ARCHS_STANDARD_32_64_BIT)";
				CLANG_CXX_LANGUAGE_STANDARD = "c++0x";
				CLANG_LINK_OBJC_RUNTIME = NO;
				COMBINE_HIDPI_IMAGES = YES;
				CONFIGURATION_BUILD_DIR = "$(PROJECT_DIR)/build/$(CONFIGURATION)";
				COPY_PHASE_STRIP = NO;
				GCC_DYNAMIC_NO_PIC = NO;
				GCC_OPTIMIZATION_LEVEL = 0;
				GCC_PREPROCESSOR_DEFINITIONS = (
					"_DEBUG=1",
					"DEBUG=1",
					"JUCER_XCODE_MAC_F6D2F4CF=1",
					"JUCE_APP_VERSION=1.0.0",
					"JUCE_APP_VERSION_HEX=0x10000", );
				GCC_VERSION = com.apple.compilers.llvm.clang.1_0;
				HEADER_SEARCH_PATHS = ("../../JuceLibraryCode", "$(inherited)");
				INFOPLIST_FILE = Info.plist;
				MACOSX_DEPLOYMENT_TARGET = 10.6;
				MACOSX_DEPLOYMENT_TARGET_ppc = 10.4;
				SDKROOT_ppc = macosx10.5; }; name = Debug; };
		D86A637B030B75B481B48742 = {isa = XCBuildConfiguration; buildSettings = {
				ARCHS = "$(ARCHS_STANDARD_32_64_BIT)";
				CLANG_CXX_LANGUAGE_STANDARD = "c++0x";
				CLANG_LINK_OBJC_RUNTIME = NO;
				COMBINE_HIDPI_IMAGES = YES;
				DEAD_CODE_STRIPPING = YES;
				DSTROOT = /usr/local/lib;
				GCC_GENERATE_DEBUGGING_SYMBOLS = NO;
				GCC_OPTIMIZATION_LEVEL = s;
				GCC_PREPROCESSOR_DEFINITIONS = (
					"_NDEBUG=1",
					"NDEBUG=1",
					"JUCER_XCODE_MAC_F6D2F4CF=1",
					"JUCE_APP_VERSION=1.0.0",
					"JUCE_APP_VERSION_HEX=0x10000", );
				GCC_SYMBOLS_PRIVATE_EXTERN = YES;
				GCC_VERSION = com.apple.compilers.llvm.clang.1_0;
				HEADER_SEARCH_PATHS = ("../../JuceLibraryCode", "$(inherited)");
				INFOPLIST_FILE = Info.plist;
				MACOSX_DEPLOYMENT_TARGET = 10.6;
				MACOSX_DEPLOYMENT_TARGET_ppc = 10.4;
				SDKROOT_ppc = macosx10.5;
				SYMROOT = /usr/local/lib; }; name = Release; };
		CB59F2D8FB93447C38902281 = {isa = XCBuildConfiguration; buildSettings = {
				ALWAYS_SEARCH_USER_PATHS = NO;
				DEBUG_INFORMATION_FORMAT = "dwarf";
				GCC_C_LANGUAGE_STANDARD = c99;
				GCC_INLINES_ARE_PRIVATE_EXTERN = NO;
				GCC_MODEL_TUNING = G5;
				GCC_SYMBOLS_PRIVATE_EXTERN = NO;
				GCC_WARN_ABOUT_RETURN_TYPE = YES;
				GCC_WARN_CHECK_SWITCH_STATEMENTS = YES;
				GCC_WARN_MISSING_PARENTHESES = YES;
				GCC_WARN_NON_VIRTUAL_DESTRUCTOR = YES;
				GCC_WARN_TYPECHECK_CALLS_TO_PRINTF = YES;
				GCC_WARN_UNUSED_VARIABLE = YES;
				PRODUCT_NAME = "au_wrapper";
				WARNING_CFLAGS = -Wreorder;
				ZERO_LINK = NO; }; name = Debug; };
		7ED0F54693883B324E692EE2 = {isa = XCBuildConfiguration; buildSettings = {
				ALWAYS_SEARCH_USER_PATHS = NO;
				DEBUG_INFORMATION_FORMAT = "dwarf";
				GCC_C_LANGUAGE_STANDARD = c99;
				GCC_INLINES_ARE_PRIVATE_EXTERN = NO;
				GCC_MODEL_TUNING = G5;
				GCC_SYMBOLS_PRIVATE_EXTERN = NO;
				GCC_WARN_ABOUT_RETURN_TYPE = YES;
				GCC_WARN_CHECK_SWITCH_STATEMENTS = YES;
				GCC_WARN_MISSING_PARENTHESES = YES;
				GCC_WARN_NON_VIRTUAL_DESTRUCTOR = YES;
				GCC_WARN_TYPECHECK_CALLS_TO_PRINTF = YES;
				GCC_WARN_UNUSED_VARIABLE = YES;
				PRODUCT_NAME = "au_wrapper";
				WARNING_CFLAGS = -Wreorder;
				ZERO_LINK = NO; }; name = Release; };
		BA5BF616D988D8A8913BD613 = {isa = XCConfigurationList; buildConfigurations = (
					CB59F2D8FB93447C38902281,
					7ED0F54693883B324E692EE2, ); defaultConfigurationIsVisible = 0; defaultConfigurationName = Debug; };
		9006E59A1B103FAA854C8EB6 = {isa = XCConfigurationList; buildConfigurations = (
					7D76ABDAA054A54486255442,
					D86A637B030B75B481B48742, ); defaultConfigurationIsVisible = 0; defaultConfigurationName = Debug; };
		C154743D1FF58AAAAA5EE9B4 = {isa = PBXSourcesBuildPhase; buildActionMask = 2147483647; files = (
					59DBC9AF8F2039CB705A3378,
					2DD16368CADE667E511BFDF5,
					990991080BAC9006979D6B4B,
					0C5E7EA465104B781B874F11,
					B0E1C9B3B2742C39F538D1A2,
					46C35E40D4EC72CDCAEFCC50,
					90284316765F590FEEDCAA10,
					FA33C361C754DE0709FF9F5E,
					CB95E342F86063279ABE13FF,
					FB77026F6999FE525632BA09,
					4F9274A83D487A555B29EA74,
					631A1310952109FF8E4657A8,
					4EE6468BB990064EB66E4C20,
					F3746A6689ECC799678C41D7,
					D24873BD81C473E5749F422C,
					FCC80D1BEF63BEF779C2DDE0,
					AFB7019B628D01233EAE266A,
					F75DBC87400F66A649E89439,
					8320C732E1B5F4489E2BB1B9,
					2371197D3FB6B576643DE8DE,
					48EAB7620F2F14F1AF8331AC,
					1871111AC7DE1F99B045BD85,
					3E058E45378088A890803912,
					A00D3F313C02AD229402611E,
					AC96953CAB5696BA6D7D8E77,
					F365DB45313C9B0ABF4584E3,
					4E500B08E67AF5839FCC62CA,
					D345380036687393DC40A5F5,
					05BCE60423A3B45B6F12E26A,
					B59F20F7D215E5EECB84196C,
					E9F52FCD9DBA72239F6BE0BB,
					AD6CBC230105AB6863E6E1C5,
					4291EA3E830B97819A6B1C4C,
					4E9164911FDF1B8594B739CF,
					A97CB4C70C8426875F8DB788,
					C2BBBC0812F8A260298466AC,
					34F8A187BF244CCCBBBAE1B7,
					765B275BD3DD4F38C43063AB,
					3885D4F36BE97B37FB688016,
					35B9E4BD624B259B6C987108,
					BBFB473F092DA2BE3F0C27EF,
					191F3FD12769AEF04BFE1CD6,
					5771C86A253BBCA84818D4D9,
					2229101FECAF0CB9B2FAF985,
					07AC114D0469DA29081D671C,
					11D888155593ABC71D98EDFB,
					9E1F59048CDC38D2E72A0652,
					8CB0E27DF7D14328CBD774E3,
					5CB94AB9EB32BBC43D608ECD,
					DA6E5C8214ACEF44A6073D56,
					BB4CE82FF115335A0F6DBDCB,
					2EF3B370E579FE5B5BEC62EA,
					7D1049762BF08049B1B36103,
					914065E35BD62BB967D5C92D,
					FF4845911A0D64772548C004,
					04D7DD6273E13D16A87C58E4,
					CD3190BBBDE3B8246C59C29C,
					63CD664C61052DB4321E692F,
					D083DBC9791C674C694AB4D5,
					ED6FE8D14434BFF46262354B,
					E11C603FFB3297CBC0FC306C,
					74E068C9748ABD357661B6DB,
					8431C539E9BC05A550E3A2FB,
					8B8B2C07264C4A551F035731,
					5C1A411174356C248F41B58C,
					4E810B9D2DDAC8D3AA747300,
					595E168D6AAC9910751997C6,
					28597087814C8FEC714942A5,
					32F1D1E6C7C2E7A33474E47F,
					C7E44C604480B7AC587127B2,
					CC7A6B198D6172EACB16A8F0,
					B9DB3905A46948B266E2D8A4,
					17FE6B2E1676607712595DE6,
					1878EC7CD94079851149D5C3, ); runOnlyForDeploymentPostprocessing = 0; };
		A231F009432B19BF818A8DAC = {isa = PBXShellScriptBuildPhase; buildActionMask = 2147483647; files = (  ); runOnlyForDeploymentPostprocessing = 0; name = "Post-build script"; shellPath = /bin/sh; shellScript = "cp $BUILT_PRODUCTS_DIR/$EXECUTABLE_PATH /usr/local/lib"; };
		B05FAA83C8DF689D0308C992 = {isa = PBXNativeTarget; buildConfigurationList = 9006E59A1B103FAA854C8EB6; buildPhases = (
					C154743D1FF58AAAAA5EE9B4,
					A231F009432B19BF818A8DAC, ); buildRules = ( ); dependencies = ( ); name = Wrapper; productName = Wrapper; productReference = 76FD53724BCFE12919EA238C; productType = "com.apple.product-type.library.static"; };
		DB5EE67863A2ED01FA6BC42A = {isa = PBXProject; buildConfigurationList = BA5BF616D988D8A8913BD613; attributes = { LastUpgradeCheck = 0440; }; compatibilityVersion = "Xcode 3.2"; hasScannedForEncodings = 0; mainGroup = 95F70740D0DAC662A4529E6B; projectDirPath = ""; projectRoot = ""; targets = ( B05FAA83C8DF689D0308C992 ); };
	};
	rootObject = DB5EE67863A2ED01FA6BC42A;
}
